
Microsoft Visual Studio Solution File, Format Version 12.00
# Visual Studio Version 16
VisualStudioVersion = 16.0.32106.194
MinimumVisualStudioVersion = 10.0.40219.1
Project("{9A19103F-16F7-4668-BE54-9A1E7A4F7556}") = "Example", "Example\Example.csproj", "{496679E2-FC62-41B7-8735-EFBDFBBA2F43}"
EndProject
Project("{FAE04EC0-301F-11D3-BF4B-00C04F79EFBC}") = "ExtensionMethods", "ExtensionMethods\ExtensionMethods.csproj", "{30AB0322-C080-4EE3-96B6-BEDA767AD43B}"
EndProject
Project("{FAE04EC0-301F-11D3-BF4B-00C04F79EFBC}") = "LambdaExpression", "LambdaExpression\LambdaExpression.csproj", "{D07E73A2-AFE1-4E44-B634-A541A28E1732}"
EndProject
Project("{FAE04EC0-301F-11D3-BF4B-00C04F79EFBC}") = "FunctionAndAction", "FunctionAndAction\FunctionAndAction.csproj", "{2A8D869C-6426-42DC-9AC5-337524A84786}"
EndProject
Global
	GlobalSection(SolutionConfigurationPlatforms) = preSolution
		Debug|Any CPU = Debug|Any CPU
		Release|Any CPU = Release|Any CPU
	EndGlobalSection
	GlobalSection(ProjectConfigurationPlatforms) = postSolution
		{496679E2-FC62-41B7-8735-EFBDFBBA2F43}.Debug|Any CPU.ActiveCfg = Debug|Any CPU
		{496679E2-FC62-41B7-8735-EFBDFBBA2F43}.Debug|Any CPU.Build.0 = Debug|Any CPU
		{496679E2-FC62-41B7-8735-EFBDFBBA2F43}.Release|Any CPU.ActiveCfg = Release|Any CPU
		{496679E2-FC62-41B7-8735-EFBDFBBA2F43}.Release|Any CPU.Build.0 = Release|Any CPU
		{30AB0322-C080-4EE3-96B6-BEDA767AD43B}.Debug|Any CPU.ActiveCfg = Debug|Any CPU
		{30AB0322-C080-4EE3-96B6-BEDA767AD43B}.Debug|Any CPU.Build.0 = Debug|Any CPU
		{30AB0322-C080-4EE3-96B6-BEDA767AD43B}.Release|Any CPU.ActiveCfg = Release|Any CPU
		{30AB0322-C080-4EE3-96B6-BEDA767AD43B}.Release|Any CPU.Build.0 = Release|Any CPU
		{D07E73A2-AFE1-4E44-B634-A541A28E1732}.Debug|Any CPU.ActiveCfg = Debug|Any CPU
		{D07E73A2-AFE1-4E44-B634-A541A28E1732}.Debug|Any CPU.Build.0 = Debug|Any CPU
		{D07E73A2-AFE1-4E44-B634-A541A28E1732}.Release|Any CPU.ActiveCfg = Release|Any CPU
		{D07E73A2-AFE1-4E44-B634-A541A28E1732}.Release|Any CPU.Build.0 = Release|Any CPU
		{2A8D869C-6426-42DC-9AC5-337524A84786}.Debug|Any CPU.ActiveCfg = Debug|Any CPU
		{2A8D869C-6426-42DC-9AC5-337524A84786}.Debug|Any CPU.Build.0 = Debug|Any CPU
		{2A8D869C-6426-42DC-9AC5-337524A84786}.Release|Any CPU.ActiveCfg = Release|Any CPU
		{2A8D869C-6426-42DC-9AC5-337524A84786}.Release|Any CPU.Build.0 = Release|Any CPU
	EndGlobalSection
	GlobalSection(SolutionProperties) = preSolution
		HideSolutionNode = FALSE
	EndGlobalSection
	GlobalSection(ExtensibilityGlobals) = postSolution
		SolutionGuid = {B9B21FFE-6FD3-4C7D-AD3A-D3D63C5B3395}
	EndGlobalSection
EndGlobal
