
Microsoft Visual Studio Solution File, Format Version 12.00
# Visual Studio Version 16
VisualStudioVersion = 16.0.32106.194
MinimumVisualStudioVersion = 10.0.40219.1
Project("{9A19103F-16F7-4668-BE54-9A1E7A4F7556}") = "Example", "Example\Example.csproj", "{496679E2-FC62-41B7-8735-EFBDFBBA2F43}"
EndProject
Project("{9A19103F-16F7-4668-BE54-9A1E7A4F7556}") = "ExtensionMethods", "ExtensionMethods\ExtensionMethods.csproj", "{30AB0322-C080-4EE3-96B6-BEDA767AD43B}"
EndProject
Project("{9A19103F-16F7-4668-BE54-9A1E7A4F7556}") = "LambdaExpression", "LambdaExpression\LambdaExpression.csproj", "{D07E73A2-AFE1-4E44-B634-A541A28E1732}"
EndProject
Project("{9A19103F-16F7-4668-BE54-9A1E7A4F7556}") = "FunctionAndAction", "FunctionAndAction\FunctionAndAction.csproj", "{2A8D869C-6426-42DC-9AC5-337524A84786}"
EndProject
Project("{9A19103F-16F7-4668-BE54-9A1E7A4F7556}") = "QueryAndMethodSyntax", "QueryAndMethodSyntax\QueryAndMethodSyntax.csproj", "{2A8D4A33-E765-4228-B654-3CAECF5254A1}"
EndProject
Project("{9A19103F-16F7-4668-BE54-9A1E7A4F7556}") = "CustomFilterOperator", "CustomFilterOperator\CustomFilterOperator.csproj", "{785D6F3A-43BD-4C4A-8219-E27BEC6E4E0B}"
EndProject
Project("{9A19103F-16F7-4668-BE54-9A1E7A4F7556}") = "FilteringOperators", "FilteringOperators\FilteringOperators.csproj", "{C929E866-4B31-4F95-A46A-23D3804CB205}"
EndProject
Project("{9A19103F-16F7-4668-BE54-9A1E7A4F7556}") = "SortingOperator", "SortingOperator\SortingOperator.csproj", "{ADDB6555-757A-44DD-B0C8-E3E2173EDC28}"
EndProject
Project("{9A19103F-16F7-4668-BE54-9A1E7A4F7556}") = "Models", "Models\Models.csproj", "{1CEB44E6-3F15-44AE-AF84-6806F17A935D}"
EndProject
Project("{9A19103F-16F7-4668-BE54-9A1E7A4F7556}") = "JoiningOperators", "JoiningOperators\JoiningOperators.csproj", "{B84498B4-7787-4103-AD17-153A336B1161}"
EndProject
Project("{9A19103F-16F7-4668-BE54-9A1E7A4F7556}") = "ProjectionOperators", "ProjectionOperators\ProjectionOperators.csproj", "{B8388773-BEA8-4573-A27F-11C8A10A7C3B}"
EndProject
Project("{9A19103F-16F7-4668-BE54-9A1E7A4F7556}") = "QuantifierOperators", "QuantifierOperators\QuantifierOperators.csproj", "{7606E7DD-F82C-47C1-AE3E-DC46C7806A8E}"
EndProject
Project("{9A19103F-16F7-4668-BE54-9A1E7A4F7556}") = "AggregationOperators", "AggregationOperators\AggregationOperators.csproj", "{F28B44F2-6CB1-49E2-A2A1-5A6D76A084C3}"
EndProject
Project("{9A19103F-16F7-4668-BE54-9A1E7A4F7556}") = "ElementOperations", "ElementOperations\ElementOperations.csproj", "{FFEFE87C-5D8D-4D17-94D6-C9E012EA9F8B}"
EndProject
Project("{FAE04EC0-301F-11D3-BF4B-00C04F79EFBC}") = "EqualityOperator", "EqualityOperator\EqualityOperator.csproj", "{74757338-FEBC-47B4-879B-7CC3FF05FE2C}"
EndProject
Project("{FAE04EC0-301F-11D3-BF4B-00C04F79EFBC}") = "ConcatenationOperator", "ConcatenationOperator\ConcatenationOperator.csproj", "{BD22D7C4-979F-4085-ACDE-C752A6C63242}"
EndProject
Project("{FAE04EC0-301F-11D3-BF4B-00C04F79EFBC}") = "GenerationOperator", "GenerationOperator\GenerationOperator.csproj", "{1B43A271-A0CB-4687-AB6C-1B1D09B97C4E}"
EndProject
Project("{FAE04EC0-301F-11D3-BF4B-00C04F79EFBC}") = "SetOperator", "SetOperator\SetOperator.csproj", "{242658F4-4A47-47A2-ABE5-9AEC4C39E5D9}"
EndProject
Project("{FAE04EC0-301F-11D3-BF4B-00C04F79EFBC}") = "PartitioningOperator", "PartitioningOperator\PartitioningOperator.csproj", "{923BAE67-86FF-4D35-ADC9-577703A2A971}"
EndProject
Project("{FAE04EC0-301F-11D3-BF4B-00C04F79EFBC}") = "ConversionOperator", "ConversionOperator\ConversionOperator.csproj", "{FA1E1604-7DB4-4401-8194-7D58FC9231CC}"
EndProject
Project("{FAE04EC0-301F-11D3-BF4B-00C04F79EFBC}") = "DeferredExecution", "DeferredExecution\DeferredExecution.csproj", "{76631B61-D12D-4E76-BDD4-2BCB7B4663B1}"
EndProject
Project("{FAE04EC0-301F-11D3-BF4B-00C04F79EFBC}") = "ImmediateExecution", "ImmediateExecution\ImmediateExecution.csproj", "{82C3CA0F-DA99-46B0-ABA0-94C5D790F7AB}"
EndProject
Project("{FAE04EC0-301F-11D3-BF4B-00C04F79EFBC}") = "Expression", "Expression\Expression.csproj", "{672EE1B5-D3A1-43E0-B87F-5946A92CDF57}"
EndProject
Project("{FAE04EC0-301F-11D3-BF4B-00C04F79EFBC}") = "ExpressionTree", "ExpressionTree\ExpressionTree.csproj", "{7EC7DE7D-456B-4966-A6A6-7CB85C4740D0}"
EndProject
Project("{FAE04EC0-301F-11D3-BF4B-00C04F79EFBC}") = "LetKeyword", "LetKeyword\LetKeyword.csproj", "{1D1CE93A-65BB-476A-A21E-ACAA162707CB}"
EndProject
Project("{FAE04EC0-301F-11D3-BF4B-00C04F79EFBC}") = "IntoKeyword", "IntoKeyword\IntoKeyword.csproj", "{93C2A15B-46EA-4D23-AFE4-4669F02BAFB1}"
EndProject
Project("{FAE04EC0-301F-11D3-BF4B-00C04F79EFBC}") = "WorkingWithCsvFile", "WorkingWithCsvFile\WorkingWithCsvFile.csproj", "{1AFD0DC2-A014-4CF3-953E-1593A258AEEF}"
EndProject
Global
	GlobalSection(SolutionConfigurationPlatforms) = preSolution
		Debug|Any CPU = Debug|Any CPU
		Release|Any CPU = Release|Any CPU
	EndGlobalSection
	GlobalSection(ProjectConfigurationPlatforms) = postSolution
		{496679E2-FC62-41B7-8735-EFBDFBBA2F43}.Debug|Any CPU.ActiveCfg = Debug|Any CPU
		{496679E2-FC62-41B7-8735-EFBDFBBA2F43}.Debug|Any CPU.Build.0 = Debug|Any CPU
		{496679E2-FC62-41B7-8735-EFBDFBBA2F43}.Release|Any CPU.ActiveCfg = Release|Any CPU
		{496679E2-FC62-41B7-8735-EFBDFBBA2F43}.Release|Any CPU.Build.0 = Release|Any CPU
		{30AB0322-C080-4EE3-96B6-BEDA767AD43B}.Debug|Any CPU.ActiveCfg = Debug|Any CPU
		{30AB0322-C080-4EE3-96B6-BEDA767AD43B}.Debug|Any CPU.Build.0 = Debug|Any CPU
		{30AB0322-C080-4EE3-96B6-BEDA767AD43B}.Release|Any CPU.ActiveCfg = Release|Any CPU
		{30AB0322-C080-4EE3-96B6-BEDA767AD43B}.Release|Any CPU.Build.0 = Release|Any CPU
		{D07E73A2-AFE1-4E44-B634-A541A28E1732}.Debug|Any CPU.ActiveCfg = Debug|Any CPU
		{D07E73A2-AFE1-4E44-B634-A541A28E1732}.Debug|Any CPU.Build.0 = Debug|Any CPU
		{D07E73A2-AFE1-4E44-B634-A541A28E1732}.Release|Any CPU.ActiveCfg = Release|Any CPU
		{D07E73A2-AFE1-4E44-B634-A541A28E1732}.Release|Any CPU.Build.0 = Release|Any CPU
		{2A8D869C-6426-42DC-9AC5-337524A84786}.Debug|Any CPU.ActiveCfg = Debug|Any CPU
		{2A8D869C-6426-42DC-9AC5-337524A84786}.Debug|Any CPU.Build.0 = Debug|Any CPU
		{2A8D869C-6426-42DC-9AC5-337524A84786}.Release|Any CPU.ActiveCfg = Release|Any CPU
		{2A8D869C-6426-42DC-9AC5-337524A84786}.Release|Any CPU.Build.0 = Release|Any CPU
		{2A8D4A33-E765-4228-B654-3CAECF5254A1}.Debug|Any CPU.ActiveCfg = Debug|Any CPU
		{2A8D4A33-E765-4228-B654-3CAECF5254A1}.Debug|Any CPU.Build.0 = Debug|Any CPU
		{2A8D4A33-E765-4228-B654-3CAECF5254A1}.Release|Any CPU.ActiveCfg = Release|Any CPU
		{2A8D4A33-E765-4228-B654-3CAECF5254A1}.Release|Any CPU.Build.0 = Release|Any CPU
		{785D6F3A-43BD-4C4A-8219-E27BEC6E4E0B}.Debug|Any CPU.ActiveCfg = Debug|Any CPU
		{785D6F3A-43BD-4C4A-8219-E27BEC6E4E0B}.Debug|Any CPU.Build.0 = Debug|Any CPU
		{785D6F3A-43BD-4C4A-8219-E27BEC6E4E0B}.Release|Any CPU.ActiveCfg = Release|Any CPU
		{785D6F3A-43BD-4C4A-8219-E27BEC6E4E0B}.Release|Any CPU.Build.0 = Release|Any CPU
		{C929E866-4B31-4F95-A46A-23D3804CB205}.Debug|Any CPU.ActiveCfg = Debug|Any CPU
		{C929E866-4B31-4F95-A46A-23D3804CB205}.Debug|Any CPU.Build.0 = Debug|Any CPU
		{C929E866-4B31-4F95-A46A-23D3804CB205}.Release|Any CPU.ActiveCfg = Release|Any CPU
		{C929E866-4B31-4F95-A46A-23D3804CB205}.Release|Any CPU.Build.0 = Release|Any CPU
		{ADDB6555-757A-44DD-B0C8-E3E2173EDC28}.Debug|Any CPU.ActiveCfg = Debug|Any CPU
		{ADDB6555-757A-44DD-B0C8-E3E2173EDC28}.Debug|Any CPU.Build.0 = Debug|Any CPU
		{ADDB6555-757A-44DD-B0C8-E3E2173EDC28}.Release|Any CPU.ActiveCfg = Release|Any CPU
		{ADDB6555-757A-44DD-B0C8-E3E2173EDC28}.Release|Any CPU.Build.0 = Release|Any CPU
		{1CEB44E6-3F15-44AE-AF84-6806F17A935D}.Debug|Any CPU.ActiveCfg = Debug|Any CPU
		{1CEB44E6-3F15-44AE-AF84-6806F17A935D}.Debug|Any CPU.Build.0 = Debug|Any CPU
		{1CEB44E6-3F15-44AE-AF84-6806F17A935D}.Release|Any CPU.ActiveCfg = Release|Any CPU
		{1CEB44E6-3F15-44AE-AF84-6806F17A935D}.Release|Any CPU.Build.0 = Release|Any CPU
		{B84498B4-7787-4103-AD17-153A336B1161}.Debug|Any CPU.ActiveCfg = Debug|Any CPU
		{B84498B4-7787-4103-AD17-153A336B1161}.Debug|Any CPU.Build.0 = Debug|Any CPU
		{B84498B4-7787-4103-AD17-153A336B1161}.Release|Any CPU.ActiveCfg = Release|Any CPU
		{B84498B4-7787-4103-AD17-153A336B1161}.Release|Any CPU.Build.0 = Release|Any CPU
		{B8388773-BEA8-4573-A27F-11C8A10A7C3B}.Debug|Any CPU.ActiveCfg = Debug|Any CPU
		{B8388773-BEA8-4573-A27F-11C8A10A7C3B}.Debug|Any CPU.Build.0 = Debug|Any CPU
		{B8388773-BEA8-4573-A27F-11C8A10A7C3B}.Release|Any CPU.ActiveCfg = Release|Any CPU
		{B8388773-BEA8-4573-A27F-11C8A10A7C3B}.Release|Any CPU.Build.0 = Release|Any CPU
		{7606E7DD-F82C-47C1-AE3E-DC46C7806A8E}.Debug|Any CPU.ActiveCfg = Debug|Any CPU
		{7606E7DD-F82C-47C1-AE3E-DC46C7806A8E}.Debug|Any CPU.Build.0 = Debug|Any CPU
		{7606E7DD-F82C-47C1-AE3E-DC46C7806A8E}.Release|Any CPU.ActiveCfg = Release|Any CPU
		{7606E7DD-F82C-47C1-AE3E-DC46C7806A8E}.Release|Any CPU.Build.0 = Release|Any CPU
		{F28B44F2-6CB1-49E2-A2A1-5A6D76A084C3}.Debug|Any CPU.ActiveCfg = Debug|Any CPU
		{F28B44F2-6CB1-49E2-A2A1-5A6D76A084C3}.Debug|Any CPU.Build.0 = Debug|Any CPU
		{F28B44F2-6CB1-49E2-A2A1-5A6D76A084C3}.Release|Any CPU.ActiveCfg = Release|Any CPU
		{F28B44F2-6CB1-49E2-A2A1-5A6D76A084C3}.Release|Any CPU.Build.0 = Release|Any CPU
		{FFEFE87C-5D8D-4D17-94D6-C9E012EA9F8B}.Debug|Any CPU.ActiveCfg = Debug|Any CPU
		{FFEFE87C-5D8D-4D17-94D6-C9E012EA9F8B}.Debug|Any CPU.Build.0 = Debug|Any CPU
		{FFEFE87C-5D8D-4D17-94D6-C9E012EA9F8B}.Release|Any CPU.ActiveCfg = Release|Any CPU
		{FFEFE87C-5D8D-4D17-94D6-C9E012EA9F8B}.Release|Any CPU.Build.0 = Release|Any CPU
		{74757338-FEBC-47B4-879B-7CC3FF05FE2C}.Debug|Any CPU.ActiveCfg = Debug|Any CPU
		{74757338-FEBC-47B4-879B-7CC3FF05FE2C}.Debug|Any CPU.Build.0 = Debug|Any CPU
		{74757338-FEBC-47B4-879B-7CC3FF05FE2C}.Release|Any CPU.ActiveCfg = Release|Any CPU
		{74757338-FEBC-47B4-879B-7CC3FF05FE2C}.Release|Any CPU.Build.0 = Release|Any CPU
		{BD22D7C4-979F-4085-ACDE-C752A6C63242}.Debug|Any CPU.ActiveCfg = Debug|Any CPU
		{BD22D7C4-979F-4085-ACDE-C752A6C63242}.Debug|Any CPU.Build.0 = Debug|Any CPU
		{BD22D7C4-979F-4085-ACDE-C752A6C63242}.Release|Any CPU.ActiveCfg = Release|Any CPU
		{BD22D7C4-979F-4085-ACDE-C752A6C63242}.Release|Any CPU.Build.0 = Release|Any CPU
		{1B43A271-A0CB-4687-AB6C-1B1D09B97C4E}.Debug|Any CPU.ActiveCfg = Debug|Any CPU
		{1B43A271-A0CB-4687-AB6C-1B1D09B97C4E}.Debug|Any CPU.Build.0 = Debug|Any CPU
		{1B43A271-A0CB-4687-AB6C-1B1D09B97C4E}.Release|Any CPU.ActiveCfg = Release|Any CPU
		{1B43A271-A0CB-4687-AB6C-1B1D09B97C4E}.Release|Any CPU.Build.0 = Release|Any CPU
		{242658F4-4A47-47A2-ABE5-9AEC4C39E5D9}.Debug|Any CPU.ActiveCfg = Debug|Any CPU
		{242658F4-4A47-47A2-ABE5-9AEC4C39E5D9}.Debug|Any CPU.Build.0 = Debug|Any CPU
		{242658F4-4A47-47A2-ABE5-9AEC4C39E5D9}.Release|Any CPU.ActiveCfg = Release|Any CPU
		{242658F4-4A47-47A2-ABE5-9AEC4C39E5D9}.Release|Any CPU.Build.0 = Release|Any CPU
		{923BAE67-86FF-4D35-ADC9-577703A2A971}.Debug|Any CPU.ActiveCfg = Debug|Any CPU
		{923BAE67-86FF-4D35-ADC9-577703A2A971}.Debug|Any CPU.Build.0 = Debug|Any CPU
		{923BAE67-86FF-4D35-ADC9-577703A2A971}.Release|Any CPU.ActiveCfg = Release|Any CPU
		{923BAE67-86FF-4D35-ADC9-577703A2A971}.Release|Any CPU.Build.0 = Release|Any CPU
		{FA1E1604-7DB4-4401-8194-7D58FC9231CC}.Debug|Any CPU.ActiveCfg = Debug|Any CPU
		{FA1E1604-7DB4-4401-8194-7D58FC9231CC}.Debug|Any CPU.Build.0 = Debug|Any CPU
		{FA1E1604-7DB4-4401-8194-7D58FC9231CC}.Release|Any CPU.ActiveCfg = Release|Any CPU
		{FA1E1604-7DB4-4401-8194-7D58FC9231CC}.Release|Any CPU.Build.0 = Release|Any CPU
		{76631B61-D12D-4E76-BDD4-2BCB7B4663B1}.Debug|Any CPU.ActiveCfg = Debug|Any CPU
		{76631B61-D12D-4E76-BDD4-2BCB7B4663B1}.Debug|Any CPU.Build.0 = Debug|Any CPU
		{76631B61-D12D-4E76-BDD4-2BCB7B4663B1}.Release|Any CPU.ActiveCfg = Release|Any CPU
		{76631B61-D12D-4E76-BDD4-2BCB7B4663B1}.Release|Any CPU.Build.0 = Release|Any CPU
		{82C3CA0F-DA99-46B0-ABA0-94C5D790F7AB}.Debug|Any CPU.ActiveCfg = Debug|Any CPU
		{82C3CA0F-DA99-46B0-ABA0-94C5D790F7AB}.Debug|Any CPU.Build.0 = Debug|Any CPU
		{82C3CA0F-DA99-46B0-ABA0-94C5D790F7AB}.Release|Any CPU.ActiveCfg = Release|Any CPU
		{82C3CA0F-DA99-46B0-ABA0-94C5D790F7AB}.Release|Any CPU.Build.0 = Release|Any CPU
		{672EE1B5-D3A1-43E0-B87F-5946A92CDF57}.Debug|Any CPU.ActiveCfg = Debug|Any CPU
		{672EE1B5-D3A1-43E0-B87F-5946A92CDF57}.Debug|Any CPU.Build.0 = Debug|Any CPU
		{672EE1B5-D3A1-43E0-B87F-5946A92CDF57}.Release|Any CPU.ActiveCfg = Release|Any CPU
		{672EE1B5-D3A1-43E0-B87F-5946A92CDF57}.Release|Any CPU.Build.0 = Release|Any CPU
		{7EC7DE7D-456B-4966-A6A6-7CB85C4740D0}.Debug|Any CPU.ActiveCfg = Debug|Any CPU
		{7EC7DE7D-456B-4966-A6A6-7CB85C4740D0}.Debug|Any CPU.Build.0 = Debug|Any CPU
		{7EC7DE7D-456B-4966-A6A6-7CB85C4740D0}.Release|Any CPU.ActiveCfg = Release|Any CPU
		{7EC7DE7D-456B-4966-A6A6-7CB85C4740D0}.Release|Any CPU.Build.0 = Release|Any CPU
		{1D1CE93A-65BB-476A-A21E-ACAA162707CB}.Debug|Any CPU.ActiveCfg = Debug|Any CPU
		{1D1CE93A-65BB-476A-A21E-ACAA162707CB}.Debug|Any CPU.Build.0 = Debug|Any CPU
		{1D1CE93A-65BB-476A-A21E-ACAA162707CB}.Release|Any CPU.ActiveCfg = Release|Any CPU
		{1D1CE93A-65BB-476A-A21E-ACAA162707CB}.Release|Any CPU.Build.0 = Release|Any CPU
		{93C2A15B-46EA-4D23-AFE4-4669F02BAFB1}.Debug|Any CPU.ActiveCfg = Debug|Any CPU
		{93C2A15B-46EA-4D23-AFE4-4669F02BAFB1}.Debug|Any CPU.Build.0 = Debug|Any CPU
		{93C2A15B-46EA-4D23-AFE4-4669F02BAFB1}.Release|Any CPU.ActiveCfg = Release|Any CPU
		{93C2A15B-46EA-4D23-AFE4-4669F02BAFB1}.Release|Any CPU.Build.0 = Release|Any CPU
		{1AFD0DC2-A014-4CF3-953E-1593A258AEEF}.Debug|Any CPU.ActiveCfg = Debug|Any CPU
		{1AFD0DC2-A014-4CF3-953E-1593A258AEEF}.Debug|Any CPU.Build.0 = Debug|Any CPU
		{1AFD0DC2-A014-4CF3-953E-1593A258AEEF}.Release|Any CPU.ActiveCfg = Release|Any CPU
		{1AFD0DC2-A014-4CF3-953E-1593A258AEEF}.Release|Any CPU.Build.0 = Release|Any CPU
	EndGlobalSection
	GlobalSection(SolutionProperties) = preSolution
		HideSolutionNode = FALSE
	EndGlobalSection
	GlobalSection(ExtensibilityGlobals) = postSolution
		SolutionGuid = {B9B21FFE-6FD3-4C7D-AD3A-D3D63C5B3395}
	EndGlobalSection
EndGlobal
